
Microsoft Visual Studio Solution File, Format Version 12.00
# Visual Studio 15
VisualStudioVersion = 15.0.27130.2010
MinimumVisualStudioVersion = 10.0.40219.1
Project("{FAE04EC0-301F-11D3-BF4B-00C04F79EFBC}") = "MovieApplication", "MovieApplication\MovieApplication.csproj", "{558960DA-1758-437A-88B1-80C0DACE8089}"
EndProject
Global
	GlobalSection(SolutionConfigurationPlatforms) = preSolution
		Debug|Any CPU = Debug|Any CPU
		Release|Any CPU = Release|Any CPU
	EndGlobalSection
	GlobalSection(ProjectConfigurationPlatforms) = postSolution
		{558960DA-1758-437A-88B1-80C0DACE8089}.Debug|Any CPU.ActiveCfg = Debug|Any CPU
		{558960DA-1758-437A-88B1-80C0DACE8089}.Debug|Any CPU.Build.0 = Debug|Any CPU
		{558960DA-1758-437A-88B1-80C0DACE8089}.Release|Any CPU.ActiveCfg = Release|Any CPU
		{558960DA-1758-437A-88B1-80C0DACE8089}.Release|Any CPU.Build.0 = Release|Any CPU
	EndGlobalSection
	GlobalSection(SolutionProperties) = preSolution
		HideSolutionNode = FALSE
	EndGlobalSection
	GlobalSection(ExtensibilityGlobals) = postSolution
		SolutionGuid = {D7F2DC5F-93F0-441D-B950-1FE3C48D8459}
	EndGlobalSection
EndGlobal
